
Microsoft Visual Studio Solution File, Format Version 12.00
# Visual Studio Version 17
VisualStudioVersion = 17.11.35327.3
MinimumVisualStudioVersion = 10.0.40219.1
Project("{FAE04EC0-301F-11D3-BF4B-00C04F79EFBC}") = "LaboratoryWork2", "LaboratoryWork2\LaboratoryWork2.csproj", "{F50C352E-C395-4EBE-8EBB-1A0BC049C0EE}"
EndProject
Global
	GlobalSection(SolutionConfigurationPlatforms) = preSolution
		Debug|Any CPU = Debug|Any CPU
		Release|Any CPU = Release|Any CPU
	EndGlobalSection
	GlobalSection(ProjectConfigurationPlatforms) = postSolution
		{F50C352E-C395-4EBE-8EBB-1A0BC049C0EE}.Debug|Any CPU.ActiveCfg = Debug|Any CPU
		{F50C352E-C395-4EBE-8EBB-1A0BC049C0EE}.Debug|Any CPU.Build.0 = Debug|Any CPU
		{F50C352E-C395-4EBE-8EBB-1A0BC049C0EE}.Release|Any CPU.ActiveCfg = Release|Any CPU
		{F50C352E-C395-4EBE-8EBB-1A0BC049C0EE}.Release|Any CPU.Build.0 = Release|Any CPU
	EndGlobalSection
	GlobalSection(SolutionProperties) = preSolution
		HideSolutionNode = FALSE
	EndGlobalSection
	GlobalSection(ExtensibilityGlobals) = postSolution
		SolutionGuid = {9582BA1F-32B0-45DC-9DF3-74D3DEC718D6}
	EndGlobalSection
EndGlobal
